
Microsoft Visual Studio Solution File, Format Version 12.00
# Visual Studio Version 16
VisualStudioVersion = 16.0.32413.511
MinimumVisualStudioVersion = 10.0.40219.1
Project("{8BC9CEB8-8B4A-11D0-8D11-00A0C91BC942}") = "211221", "211221\211221.vcxproj", "{DEC85D01-04E9-4EDD-B54B-32153D879F26}"
EndProject
Project("{8BC9CEB8-8B4A-11D0-8D11-00A0C91BC942}") = "220106", "220106\220106.vcxproj", "{AF501115-64F0-4102-BBCE-ED01D870EDFC}"
EndProject
Project("{8BC9CEB8-8B4A-11D0-8D11-00A0C91BC942}") = "220108", "220108\220108.vcxproj", "{78E83C32-BE34-4FEC-9FA1-43C04F132A94}"
EndProject
Project("{8BC9CEB8-8B4A-11D0-8D11-00A0C91BC942}") = "220121", "220121\220121.vcxproj", "{B97C37A5-5D44-4BA1-99B9-4E8518260954}"
EndProject
Project("{8BC9CEB8-8B4A-11D0-8D11-00A0C91BC942}") = "220122", "220122\220122.vcxproj", "{B28AF093-6A47-4BC9-AD72-6FD9D4639E65}"
EndProject
Project("{8BC9CEB8-8B4A-11D0-8D11-00A0C91BC942}") = "0212", "220123\220123.vcxproj", "{BEBB6E42-5059-4C26-AFAF-1A44300BFC8E}"
EndProject
Project("{8BC9CEB8-8B4A-11D0-8D11-00A0C91BC942}") = "0227", "0227\0227.vcxproj", "{8A347D9E-A48F-44FB-B572-FF5FD530A2CD}"
EndProject
Project("{8BC9CEB8-8B4A-11D0-8D11-00A0C91BC942}") = "0228", "0228\0228.vcxproj", "{CC97936B-EE55-4204-A531-DDD34773CA0C}"
EndProject
Project("{8BC9CEB8-8B4A-11D0-8D11-00A0C91BC942}") = "0229", "0229\0229.vcxproj", "{571D9E3D-ADCD-4E63-9D3C-0DAEC1F8FB53}"
EndProject
Project("{8BC9CEB8-8B4A-11D0-8D11-00A0C91BC942}") = "220302", "220302\220302.vcxproj", "{D5FE2C32-173A-403E-8A8B-4CB45F54F834}"
EndProject
Project("{8BC9CEB8-8B4A-11D0-8D11-00A0C91BC942}") = "220303", "220303\220303.vcxproj", "{6357B4C3-01BB-448F-8C2C-45034D2341A1}"
EndProject
Project("{8BC9CEB8-8B4A-11D0-8D11-00A0C91BC942}") = "0305", "0305\0305.vcxproj", "{D0D44A90-5ABD-4553-B7FE-E8C4A9513835}"
EndProject
Project("{8BC9CEB8-8B4A-11D0-8D11-00A0C91BC942}") = "0310", "0310\0310.vcxproj", "{C70D6FD3-8ED1-4B5B-8E63-FD9A483D94BF}"
EndProject
Project("{8BC9CEB8-8B4A-11D0-8D11-00A0C91BC942}") = "0314", "0313\0313.vcxproj", "{C901B73F-0DBD-47A2-824C-D2E964981CA7}"
EndProject
Project("{8BC9CEB8-8B4A-11D0-8D11-00A0C91BC942}") = "0315", "0315\0315.vcxproj", "{83F2A703-2689-4946-9B65-0E8DE635418A}"
EndProject
Project("{8BC9CEB8-8B4A-11D0-8D11-00A0C91BC942}") = "0316", "0316\0316.vcxproj", "{34C07522-E497-4E98-A4BF-08F7294A0CD0}"
EndProject
Project("{8BC9CEB8-8B4A-11D0-8D11-00A0C91BC942}") = "0324", "0324\0324.vcxproj", "{FAFBED18-4225-4AEE-8FEB-8B02202BB9CB}"
EndProject
Project("{8BC9CEB8-8B4A-11D0-8D11-00A0C91BC942}") = "0325", "0325\0325.vcxproj", "{8113551A-7959-4574-9A6E-8533488FA6D0}"
EndProject
Project("{8BC9CEB8-8B4A-11D0-8D11-00A0C91BC942}") = "0329", "0329\0329.vcxproj", "{1A3ABA15-7300-4680-895B-B5810097E024}"
EndProject
Project("{8BC9CEB8-8B4A-11D0-8D11-00A0C91BC942}") = "0401", "0401\0401.vcxproj", "{AFE7396B-CFB1-4CAB-83B4-D605EE5331F2}"
EndProject
Project("{8BC9CEB8-8B4A-11D0-8D11-00A0C91BC942}") = "0404", "0404\0404.vcxproj", "{11381E14-8923-48BC-A7A4-DACBCC83938F}"
EndProject
Project("{8BC9CEB8-8B4A-11D0-8D11-00A0C91BC942}") = "0406", "0406\0406.vcxproj", "{B9B79582-1C0A-4028-BE75-297DB30425B5}"
EndProject
Project("{8BC9CEB8-8B4A-11D0-8D11-00A0C91BC942}") = "0408", "0408\0408.vcxproj", "{6378CBA7-5C99-4487-9B45-DF2F5FCF84DF}"
EndProject
Project("{8BC9CEB8-8B4A-11D0-8D11-00A0C91BC942}") = "0410", "0410\0410.vcxproj", "{02CB2B5E-48CB-4097-AB67-31E78826A54D}"
EndProject
Project("{8BC9CEB8-8B4A-11D0-8D11-00A0C91BC942}") = "0412", "0412\0412.vcxproj", "{85FC0305-A969-4F15-A244-13BE06869BA9}"
EndProject
Project("{8BC9CEB8-8B4A-11D0-8D11-00A0C91BC942}") = "0414", "0414\0414.vcxproj", "{8C0F11E6-4AC0-4A16-8024-06E896405344}"
EndProject
Project("{8BC9CEB8-8B4A-11D0-8D11-00A0C91BC942}") = "0415", "0415\0415.vcxproj", "{A4BF5DE4-AA9B-4C23-A2F5-70ABAB2549DA}"
EndProject
Project("{8BC9CEB8-8B4A-11D0-8D11-00A0C91BC942}") = "0416", "0416\0416.vcxproj", "{41F8A1D5-8846-48A8-8EB7-F19FDD3B7264}"
EndProject
Project("{8BC9CEB8-8B4A-11D0-8D11-00A0C91BC942}") = "0418", "0418\0418.vcxproj", "{CBAFF089-B3BF-419E-B1CB-8771845B1607}"
EndProject
Project("{8BC9CEB8-8B4A-11D0-8D11-00A0C91BC942}") = "0420", "0420\0420.vcxproj", "{AE2303EC-198B-41F4-8FB3-6D27F0D643BC}"
EndProject
Project("{8BC9CEB8-8B4A-11D0-8D11-00A0C91BC942}") = "0428", "0428\0428.vcxproj", "{8241C57C-CDD1-4386-81A4-3C82907748BE}"
EndProject
Project("{8BC9CEB8-8B4A-11D0-8D11-00A0C91BC942}") = "0510", "0510\0510.vcxproj", "{4483E262-0374-4F22-99DA-C27D0CFD0C54}"
EndProject
Project("{8BC9CEB8-8B4A-11D0-8D11-00A0C91BC942}") = "0519", "0519\0519.vcxproj", "{68716B57-4029-48B0-B98D-5A098E51A4CB}"
EndProject
Project("{8BC9CEB8-8B4A-11D0-8D11-00A0C91BC942}") = "0521", "0521\0521.vcxproj", "{8013EE09-0B8E-40D2-99B5-C478A3562188}"
EndProject
Project("{8BC9CEB8-8B4A-11D0-8D11-00A0C91BC942}") = "0524", "0524\0524.vcxproj", "{1417A360-5084-41F9-81E1-39AB3EC9D9F4}"
EndProject
Project("{8BC9CEB8-8B4A-11D0-8D11-00A0C91BC942}") = "0526", "0526\0526.vcxproj", "{6F4DD1CC-16C9-4A62-9811-9D7C426F756D}"
EndProject
Project("{8BC9CEB8-8B4A-11D0-8D11-00A0C91BC942}") = "0601", "0601\0601.vcxproj", "{ABE2264B-121F-4A8B-9CB4-DA7927B4D670}"
EndProject
Project("{8BC9CEB8-8B4A-11D0-8D11-00A0C91BC942}") = "0609", "0609\0609.vcxproj", "{DEFCB0AB-F1EB-45DE-B144-F6ED461F412B}"
EndProject
Project("{8BC9CEB8-8B4A-11D0-8D11-00A0C91BC942}") = "0611", "0611\0611.vcxproj", "{9799D279-BBD7-45BB-931D-C203A38C0750}"
EndProject
Project("{8BC9CEB8-8B4A-11D0-8D11-00A0C91BC942}") = "0613", "0613\0613.vcxproj", "{4278E083-FBE9-469F-9571-360B85FB5AC4}"
EndProject
Project("{8BC9CEB8-8B4A-11D0-8D11-00A0C91BC942}") = "0614", "0614\0614.vcxproj", "{6E16EED9-EDF8-4C55-BE73-AB59FEDDCF77}"
EndProject
Global
	GlobalSection(SolutionConfigurationPlatforms) = preSolution
		Debug|x64 = Debug|x64
		Debug|x86 = Debug|x86
		Release|x64 = Release|x64
		Release|x86 = Release|x86
	EndGlobalSection
	GlobalSection(ProjectConfigurationPlatforms) = postSolution
		{DEC85D01-04E9-4EDD-B54B-32153D879F26}.Debug|x64.ActiveCfg = Debug|x64
		{DEC85D01-04E9-4EDD-B54B-32153D879F26}.Debug|x64.Build.0 = Debug|x64
		{DEC85D01-04E9-4EDD-B54B-32153D879F26}.Debug|x86.ActiveCfg = Debug|Win32
		{DEC85D01-04E9-4EDD-B54B-32153D879F26}.Debug|x86.Build.0 = Debug|Win32
		{DEC85D01-04E9-4EDD-B54B-32153D879F26}.Release|x64.ActiveCfg = Release|x64
		{DEC85D01-04E9-4EDD-B54B-32153D879F26}.Release|x64.Build.0 = Release|x64
		{DEC85D01-04E9-4EDD-B54B-32153D879F26}.Release|x86.ActiveCfg = Release|Win32
		{DEC85D01-04E9-4EDD-B54B-32153D879F26}.Release|x86.Build.0 = Release|Win32
		{AF501115-64F0-4102-BBCE-ED01D870EDFC}.Debug|x64.ActiveCfg = Debug|x64
		{AF501115-64F0-4102-BBCE-ED01D870EDFC}.Debug|x64.Build.0 = Debug|x64
		{AF501115-64F0-4102-BBCE-ED01D870EDFC}.Debug|x86.ActiveCfg = Debug|Win32
		{AF501115-64F0-4102-BBCE-ED01D870EDFC}.Debug|x86.Build.0 = Debug|Win32
		{AF501115-64F0-4102-BBCE-ED01D870EDFC}.Release|x64.ActiveCfg = Release|x64
		{AF501115-64F0-4102-BBCE-ED01D870EDFC}.Release|x64.Build.0 = Release|x64
		{AF501115-64F0-4102-BBCE-ED01D870EDFC}.Release|x86.ActiveCfg = Release|Win32
		{AF501115-64F0-4102-BBCE-ED01D870EDFC}.Release|x86.Build.0 = Release|Win32
		{78E83C32-BE34-4FEC-9FA1-43C04F132A94}.Debug|x64.ActiveCfg = Debug|x64
		{78E83C32-BE34-4FEC-9FA1-43C04F132A94}.Debug|x64.Build.0 = Debug|x64
		{78E83C32-BE34-4FEC-9FA1-43C04F132A94}.Debug|x86.ActiveCfg = Debug|Win32
		{78E83C32-BE34-4FEC-9FA1-43C04F132A94}.Debug|x86.Build.0 = Debug|Win32
		{78E83C32-BE34-4FEC-9FA1-43C04F132A94}.Release|x64.ActiveCfg = Release|x64
		{78E83C32-BE34-4FEC-9FA1-43C04F132A94}.Release|x64.Build.0 = Release|x64
		{78E83C32-BE34-4FEC-9FA1-43C04F132A94}.Release|x86.ActiveCfg = Release|Win32
		{78E83C32-BE34-4FEC-9FA1-43C04F132A94}.Release|x86.Build.0 = Release|Win32
		{B97C37A5-5D44-4BA1-99B9-4E8518260954}.Debug|x64.ActiveCfg = Debug|x64
		{B97C37A5-5D44-4BA1-99B9-4E8518260954}.Debug|x64.Build.0 = Debug|x64
		{B97C37A5-5D44-4BA1-99B9-4E8518260954}.Debug|x86.ActiveCfg = Debug|Win32
		{B97C37A5-5D44-4BA1-99B9-4E8518260954}.Debug|x86.Build.0 = Debug|Win32
		{B97C37A5-5D44-4BA1-99B9-4E8518260954}.Release|x64.ActiveCfg = Release|x64
		{B97C37A5-5D44-4BA1-99B9-4E8518260954}.Release|x64.Build.0 = Release|x64
		{B97C37A5-5D44-4BA1-99B9-4E8518260954}.Release|x86.ActiveCfg = Release|Win32
		{B97C37A5-5D44-4BA1-99B9-4E8518260954}.Release|x86.Build.0 = Release|Win32
		{B28AF093-6A47-4BC9-AD72-6FD9D4639E65}.Debug|x64.ActiveCfg = Debug|x64
		{B28AF093-6A47-4BC9-AD72-6FD9D4639E65}.Debug|x64.Build.0 = Debug|x64
		{B28AF093-6A47-4BC9-AD72-6FD9D4639E65}.Debug|x86.ActiveCfg = Debug|Win32
		{B28AF093-6A47-4BC9-AD72-6FD9D4639E65}.Debug|x86.Build.0 = Debug|Win32
		{B28AF093-6A47-4BC9-AD72-6FD9D4639E65}.Release|x64.ActiveCfg = Release|x64
		{B28AF093-6A47-4BC9-AD72-6FD9D4639E65}.Release|x64.Build.0 = Release|x64
		{B28AF093-6A47-4BC9-AD72-6FD9D4639E65}.Release|x86.ActiveCfg = Release|Win32
		{B28AF093-6A47-4BC9-AD72-6FD9D4639E65}.Release|x86.Build.0 = Release|Win32
		{BEBB6E42-5059-4C26-AFAF-1A44300BFC8E}.Debug|x64.ActiveCfg = Debug|x64
		{BEBB6E42-5059-4C26-AFAF-1A44300BFC8E}.Debug|x64.Build.0 = Debug|x64
		{BEBB6E42-5059-4C26-AFAF-1A44300BFC8E}.Debug|x86.ActiveCfg = Debug|Win32
		{BEBB6E42-5059-4C26-AFAF-1A44300BFC8E}.Debug|x86.Build.0 = Debug|Win32
		{BEBB6E42-5059-4C26-AFAF-1A44300BFC8E}.Release|x64.ActiveCfg = Release|x64
		{BEBB6E42-5059-4C26-AFAF-1A44300BFC8E}.Release|x64.Build.0 = Release|x64
		{BEBB6E42-5059-4C26-AFAF-1A44300BFC8E}.Release|x86.ActiveCfg = Release|Win32
		{BEBB6E42-5059-4C26-AFAF-1A44300BFC8E}.Release|x86.Build.0 = Release|Win32
		{8A347D9E-A48F-44FB-B572-FF5FD530A2CD}.Debug|x64.ActiveCfg = Debug|x64
		{8A347D9E-A48F-44FB-B572-FF5FD530A2CD}.Debug|x64.Build.0 = Debug|x64
		{8A347D9E-A48F-44FB-B572-FF5FD530A2CD}.Debug|x86.ActiveCfg = Debug|Win32
		{8A347D9E-A48F-44FB-B572-FF5FD530A2CD}.Debug|x86.Build.0 = Debug|Win32
		{8A347D9E-A48F-44FB-B572-FF5FD530A2CD}.Release|x64.ActiveCfg = Release|x64
		{8A347D9E-A48F-44FB-B572-FF5FD530A2CD}.Release|x64.Build.0 = Release|x64
		{8A347D9E-A48F-44FB-B572-FF5FD530A2CD}.Release|x86.ActiveCfg = Release|Win32
		{8A347D9E-A48F-44FB-B572-FF5FD530A2CD}.Release|x86.Build.0 = Release|Win32
		{CC97936B-EE55-4204-A531-DDD34773CA0C}.Debug|x64.ActiveCfg = Debug|x64
		{CC97936B-EE55-4204-A531-DDD34773CA0C}.Debug|x64.Build.0 = Debug|x64
		{CC97936B-EE55-4204-A531-DDD34773CA0C}.Debug|x86.ActiveCfg = Debug|Win32
		{CC97936B-EE55-4204-A531-DDD34773CA0C}.Debug|x86.Build.0 = Debug|Win32
		{CC97936B-EE55-4204-A531-DDD34773CA0C}.Release|x64.ActiveCfg = Release|x64
		{CC97936B-EE55-4204-A531-DDD34773CA0C}.Release|x64.Build.0 = Release|x64
		{CC97936B-EE55-4204-A531-DDD34773CA0C}.Release|x86.ActiveCfg = Release|Win32
		{CC97936B-EE55-4204-A531-DDD34773CA0C}.Release|x86.Build.0 = Release|Win32
		{571D9E3D-ADCD-4E63-9D3C-0DAEC1F8FB53}.Debug|x64.ActiveCfg = Debug|x64
		{571D9E3D-ADCD-4E63-9D3C-0DAEC1F8FB53}.Debug|x64.Build.0 = Debug|x64
		{571D9E3D-ADCD-4E63-9D3C-0DAEC1F8FB53}.Debug|x86.ActiveCfg = Debug|Win32
		{571D9E3D-ADCD-4E63-9D3C-0DAEC1F8FB53}.Debug|x86.Build.0 = Debug|Win32
		{571D9E3D-ADCD-4E63-9D3C-0DAEC1F8FB53}.Release|x64.ActiveCfg = Release|x64
		{571D9E3D-ADCD-4E63-9D3C-0DAEC1F8FB53}.Release|x64.Build.0 = Release|x64
		{571D9E3D-ADCD-4E63-9D3C-0DAEC1F8FB53}.Release|x86.ActiveCfg = Release|Win32
		{571D9E3D-ADCD-4E63-9D3C-0DAEC1F8FB53}.Release|x86.Build.0 = Release|Win32
		{D5FE2C32-173A-403E-8A8B-4CB45F54F834}.Debug|x64.ActiveCfg = Debug|x64
		{D5FE2C32-173A-403E-8A8B-4CB45F54F834}.Debug|x64.Build.0 = Debug|x64
		{D5FE2C32-173A-403E-8A8B-4CB45F54F834}.Debug|x86.ActiveCfg = Debug|Win32
		{D5FE2C32-173A-403E-8A8B-4CB45F54F834}.Debug|x86.Build.0 = Debug|Win32
		{D5FE2C32-173A-403E-8A8B-4CB45F54F834}.Release|x64.ActiveCfg = Release|x64
		{D5FE2C32-173A-403E-8A8B-4CB45F54F834}.Release|x64.Build.0 = Release|x64
		{D5FE2C32-173A-403E-8A8B-4CB45F54F834}.Release|x86.ActiveCfg = Release|Win32
		{D5FE2C32-173A-403E-8A8B-4CB45F54F834}.Release|x86.Build.0 = Release|Win32
		{6357B4C3-01BB-448F-8C2C-45034D2341A1}.Debug|x64.ActiveCfg = Debug|x64
		{6357B4C3-01BB-448F-8C2C-45034D2341A1}.Debug|x64.Build.0 = Debug|x64
		{6357B4C3-01BB-448F-8C2C-45034D2341A1}.Debug|x86.ActiveCfg = Debug|Win32
		{6357B4C3-01BB-448F-8C2C-45034D2341A1}.Debug|x86.Build.0 = Debug|Win32
		{6357B4C3-01BB-448F-8C2C-45034D2341A1}.Release|x64.ActiveCfg = Release|x64
		{6357B4C3-01BB-448F-8C2C-45034D2341A1}.Release|x64.Build.0 = Release|x64
		{6357B4C3-01BB-448F-8C2C-45034D2341A1}.Release|x86.ActiveCfg = Release|Win32
		{6357B4C3-01BB-448F-8C2C-45034D2341A1}.Release|x86.Build.0 = Release|Win32
		{D0D44A90-5ABD-4553-B7FE-E8C4A9513835}.Debug|x64.ActiveCfg = Debug|x64
		{D0D44A90-5ABD-4553-B7FE-E8C4A9513835}.Debug|x64.Build.0 = Debug|x64
		{D0D44A90-5ABD-4553-B7FE-E8C4A9513835}.Debug|x86.ActiveCfg = Debug|Win32
		{D0D44A90-5ABD-4553-B7FE-E8C4A9513835}.Debug|x86.Build.0 = Debug|Win32
		{D0D44A90-5ABD-4553-B7FE-E8C4A9513835}.Release|x64.ActiveCfg = Release|x64
		{D0D44A90-5ABD-4553-B7FE-E8C4A9513835}.Release|x64.Build.0 = Release|x64
		{D0D44A90-5ABD-4553-B7FE-E8C4A9513835}.Release|x86.ActiveCfg = Release|Win32
		{D0D44A90-5ABD-4553-B7FE-E8C4A9513835}.Release|x86.Build.0 = Release|Win32
		{C70D6FD3-8ED1-4B5B-8E63-FD9A483D94BF}.Debug|x64.ActiveCfg = Debug|x64
		{C70D6FD3-8ED1-4B5B-8E63-FD9A483D94BF}.Debug|x64.Build.0 = Debug|x64
		{C70D6FD3-8ED1-4B5B-8E63-FD9A483D94BF}.Debug|x86.ActiveCfg = Debug|Win32
		{C70D6FD3-8ED1-4B5B-8E63-FD9A483D94BF}.Debug|x86.Build.0 = Debug|Win32
		{C70D6FD3-8ED1-4B5B-8E63-FD9A483D94BF}.Release|x64.ActiveCfg = Release|x64
		{C70D6FD3-8ED1-4B5B-8E63-FD9A483D94BF}.Release|x64.Build.0 = Release|x64
		{C70D6FD3-8ED1-4B5B-8E63-FD9A483D94BF}.Release|x86.ActiveCfg = Release|Win32
		{C70D6FD3-8ED1-4B5B-8E63-FD9A483D94BF}.Release|x86.Build.0 = Release|Win32
		{C901B73F-0DBD-47A2-824C-D2E964981CA7}.Debug|x64.ActiveCfg = Debug|x64
		{C901B73F-0DBD-47A2-824C-D2E964981CA7}.Debug|x64.Build.0 = Debug|x64
		{C901B73F-0DBD-47A2-824C-D2E964981CA7}.Debug|x86.ActiveCfg = Debug|Win32
		{C901B73F-0DBD-47A2-824C-D2E964981CA7}.Debug|x86.Build.0 = Debug|Win32
		{C901B73F-0DBD-47A2-824C-D2E964981CA7}.Release|x64.ActiveCfg = Release|x64
		{C901B73F-0DBD-47A2-824C-D2E964981CA7}.Release|x64.Build.0 = Release|x64
		{C901B73F-0DBD-47A2-824C-D2E964981CA7}.Release|x86.ActiveCfg = Release|Win32
		{C901B73F-0DBD-47A2-824C-D2E964981CA7}.Release|x86.Build.0 = Release|Win32
		{83F2A703-2689-4946-9B65-0E8DE635418A}.Debug|x64.ActiveCfg = Debug|x64
		{83F2A703-2689-4946-9B65-0E8DE635418A}.Debug|x64.Build.0 = Debug|x64
		{83F2A703-2689-4946-9B65-0E8DE635418A}.Debug|x86.ActiveCfg = Debug|Win32
		{83F2A703-2689-4946-9B65-0E8DE635418A}.Debug|x86.Build.0 = Debug|Win32
		{83F2A703-2689-4946-9B65-0E8DE635418A}.Release|x64.ActiveCfg = Release|x64
		{83F2A703-2689-4946-9B65-0E8DE635418A}.Release|x64.Build.0 = Release|x64
		{83F2A703-2689-4946-9B65-0E8DE635418A}.Release|x86.ActiveCfg = Release|Win32
		{83F2A703-2689-4946-9B65-0E8DE635418A}.Release|x86.Build.0 = Release|Win32
		{34C07522-E497-4E98-A4BF-08F7294A0CD0}.Debug|x64.ActiveCfg = Debug|x64
		{34C07522-E497-4E98-A4BF-08F7294A0CD0}.Debug|x64.Build.0 = Debug|x64
		{34C07522-E497-4E98-A4BF-08F7294A0CD0}.Debug|x86.ActiveCfg = Debug|Win32
		{34C07522-E497-4E98-A4BF-08F7294A0CD0}.Debug|x86.Build.0 = Debug|Win32
		{34C07522-E497-4E98-A4BF-08F7294A0CD0}.Release|x64.ActiveCfg = Release|x64
		{34C07522-E497-4E98-A4BF-08F7294A0CD0}.Release|x64.Build.0 = Release|x64
		{34C07522-E497-4E98-A4BF-08F7294A0CD0}.Release|x86.ActiveCfg = Release|Win32
		{34C07522-E497-4E98-A4BF-08F7294A0CD0}.Release|x86.Build.0 = Release|Win32
		{FAFBED18-4225-4AEE-8FEB-8B02202BB9CB}.Debug|x64.ActiveCfg = Debug|x64
		{FAFBED18-4225-4AEE-8FEB-8B02202BB9CB}.Debug|x64.Build.0 = Debug|x64
		{FAFBED18-4225-4AEE-8FEB-8B02202BB9CB}.Debug|x86.ActiveCfg = Debug|Win32
		{FAFBED18-4225-4AEE-8FEB-8B02202BB9CB}.Debug|x86.Build.0 = Debug|Win32
		{FAFBED18-4225-4AEE-8FEB-8B02202BB9CB}.Release|x64.ActiveCfg = Release|x64
		{FAFBED18-4225-4AEE-8FEB-8B02202BB9CB}.Release|x64.Build.0 = Release|x64
		{FAFBED18-4225-4AEE-8FEB-8B02202BB9CB}.Release|x86.ActiveCfg = Release|Win32
		{FAFBED18-4225-4AEE-8FEB-8B02202BB9CB}.Release|x86.Build.0 = Release|Win32
		{8113551A-7959-4574-9A6E-8533488FA6D0}.Debug|x64.ActiveCfg = Debug|x64
		{8113551A-7959-4574-9A6E-8533488FA6D0}.Debug|x64.Build.0 = Debug|x64
		{8113551A-7959-4574-9A6E-8533488FA6D0}.Debug|x86.ActiveCfg = Debug|Win32
		{8113551A-7959-4574-9A6E-8533488FA6D0}.Debug|x86.Build.0 = Debug|Win32
		{8113551A-7959-4574-9A6E-8533488FA6D0}.Release|x64.ActiveCfg = Release|x64
		{8113551A-7959-4574-9A6E-8533488FA6D0}.Release|x64.Build.0 = Release|x64
		{8113551A-7959-4574-9A6E-8533488FA6D0}.Release|x86.ActiveCfg = Release|Win32
		{8113551A-7959-4574-9A6E-8533488FA6D0}.Release|x86.Build.0 = Release|Win32
		{1A3ABA15-7300-4680-895B-B5810097E024}.Debug|x64.ActiveCfg = Debug|x64
		{1A3ABA15-7300-4680-895B-B5810097E024}.Debug|x64.Build.0 = Debug|x64
		{1A3ABA15-7300-4680-895B-B5810097E024}.Debug|x86.ActiveCfg = Debug|Win32
		{1A3ABA15-7300-4680-895B-B5810097E024}.Debug|x86.Build.0 = Debug|Win32
		{1A3ABA15-7300-4680-895B-B5810097E024}.Release|x64.ActiveCfg = Release|x64
		{1A3ABA15-7300-4680-895B-B5810097E024}.Release|x64.Build.0 = Release|x64
		{1A3ABA15-7300-4680-895B-B5810097E024}.Release|x86.ActiveCfg = Release|Win32
		{1A3ABA15-7300-4680-895B-B5810097E024}.Release|x86.Build.0 = Release|Win32
		{AFE7396B-CFB1-4CAB-83B4-D605EE5331F2}.Debug|x64.ActiveCfg = Debug|x64
		{AFE7396B-CFB1-4CAB-83B4-D605EE5331F2}.Debug|x64.Build.0 = Debug|x64
		{AFE7396B-CFB1-4CAB-83B4-D605EE5331F2}.Debug|x86.ActiveCfg = Debug|Win32
		{AFE7396B-CFB1-4CAB-83B4-D605EE5331F2}.Debug|x86.Build.0 = Debug|Win32
		{AFE7396B-CFB1-4CAB-83B4-D605EE5331F2}.Release|x64.ActiveCfg = Release|x64
		{AFE7396B-CFB1-4CAB-83B4-D605EE5331F2}.Release|x64.Build.0 = Release|x64
		{AFE7396B-CFB1-4CAB-83B4-D605EE5331F2}.Release|x86.ActiveCfg = Release|Win32
		{AFE7396B-CFB1-4CAB-83B4-D605EE5331F2}.Release|x86.Build.0 = Release|Win32
		{11381E14-8923-48BC-A7A4-DACBCC83938F}.Debug|x64.ActiveCfg = Debug|x64
		{11381E14-8923-48BC-A7A4-DACBCC83938F}.Debug|x64.Build.0 = Debug|x64
		{11381E14-8923-48BC-A7A4-DACBCC83938F}.Debug|x86.ActiveCfg = Debug|Win32
		{11381E14-8923-48BC-A7A4-DACBCC83938F}.Debug|x86.Build.0 = Debug|Win32
		{11381E14-8923-48BC-A7A4-DACBCC83938F}.Release|x64.ActiveCfg = Release|x64
		{11381E14-8923-48BC-A7A4-DACBCC83938F}.Release|x64.Build.0 = Release|x64
		{11381E14-8923-48BC-A7A4-DACBCC83938F}.Release|x86.ActiveCfg = Release|Win32
		{11381E14-8923-48BC-A7A4-DACBCC83938F}.Release|x86.Build.0 = Release|Win32
		{B9B79582-1C0A-4028-BE75-297DB30425B5}.Debug|x64.ActiveCfg = Debug|x64
		{B9B79582-1C0A-4028-BE75-297DB30425B5}.Debug|x64.Build.0 = Debug|x64
		{B9B79582-1C0A-4028-BE75-297DB30425B5}.Debug|x86.ActiveCfg = Debug|Win32
		{B9B79582-1C0A-4028-BE75-297DB30425B5}.Debug|x86.Build.0 = Debug|Win32
		{B9B79582-1C0A-4028-BE75-297DB30425B5}.Release|x64.ActiveCfg = Release|x64
		{B9B79582-1C0A-4028-BE75-297DB30425B5}.Release|x64.Build.0 = Release|x64
		{B9B79582-1C0A-4028-BE75-297DB30425B5}.Release|x86.ActiveCfg = Release|Win32
		{B9B79582-1C0A-4028-BE75-297DB30425B5}.Release|x86.Build.0 = Release|Win32
		{6378CBA7-5C99-4487-9B45-DF2F5FCF84DF}.Debug|x64.ActiveCfg = Debug|x64
		{6378CBA7-5C99-4487-9B45-DF2F5FCF84DF}.Debug|x64.Build.0 = Debug|x64
		{6378CBA7-5C99-4487-9B45-DF2F5FCF84DF}.Debug|x86.ActiveCfg = Debug|Win32
		{6378CBA7-5C99-4487-9B45-DF2F5FCF84DF}.Debug|x86.Build.0 = Debug|Win32
		{6378CBA7-5C99-4487-9B45-DF2F5FCF84DF}.Release|x64.ActiveCfg = Release|x64
		{6378CBA7-5C99-4487-9B45-DF2F5FCF84DF}.Release|x64.Build.0 = Release|x64
		{6378CBA7-5C99-4487-9B45-DF2F5FCF84DF}.Release|x86.ActiveCfg = Release|Win32
		{6378CBA7-5C99-4487-9B45-DF2F5FCF84DF}.Release|x86.Build.0 = Release|Win32
		{02CB2B5E-48CB-4097-AB67-31E78826A54D}.Debug|x64.ActiveCfg = Debug|x64
		{02CB2B5E-48CB-4097-AB67-31E78826A54D}.Debug|x64.Build.0 = Debug|x64
		{02CB2B5E-48CB-4097-AB67-31E78826A54D}.Debug|x86.ActiveCfg = Debug|Win32
		{02CB2B5E-48CB-4097-AB67-31E78826A54D}.Debug|x86.Build.0 = Debug|Win32
		{02CB2B5E-48CB-4097-AB67-31E78826A54D}.Release|x64.ActiveCfg = Release|x64
		{02CB2B5E-48CB-4097-AB67-31E78826A54D}.Release|x64.Build.0 = Release|x64
		{02CB2B5E-48CB-4097-AB67-31E78826A54D}.Release|x86.ActiveCfg = Release|Win32
		{02CB2B5E-48CB-4097-AB67-31E78826A54D}.Release|x86.Build.0 = Release|Win32
		{85FC0305-A969-4F15-A244-13BE06869BA9}.Debug|x64.ActiveCfg = Debug|x64
		{85FC0305-A969-4F15-A244-13BE06869BA9}.Debug|x64.Build.0 = Debug|x64
		{85FC0305-A969-4F15-A244-13BE06869BA9}.Debug|x86.ActiveCfg = Debug|Win32
		{85FC0305-A969-4F15-A244-13BE06869BA9}.Debug|x86.Build.0 = Debug|Win32
		{85FC0305-A969-4F15-A244-13BE06869BA9}.Release|x64.ActiveCfg = Release|x64
		{85FC0305-A969-4F15-A244-13BE06869BA9}.Release|x64.Build.0 = Release|x64
		{85FC0305-A969-4F15-A244-13BE06869BA9}.Release|x86.ActiveCfg = Release|Win32
		{85FC0305-A969-4F15-A244-13BE06869BA9}.Release|x86.Build.0 = Release|Win32
		{8C0F11E6-4AC0-4A16-8024-06E896405344}.Debug|x64.ActiveCfg = Debug|x64
		{8C0F11E6-4AC0-4A16-8024-06E896405344}.Debug|x64.Build.0 = Debug|x64
		{8C0F11E6-4AC0-4A16-8024-06E896405344}.Debug|x86.ActiveCfg = Debug|Win32
		{8C0F11E6-4AC0-4A16-8024-06E896405344}.Debug|x86.Build.0 = Debug|Win32
		{8C0F11E6-4AC0-4A16-8024-06E896405344}.Release|x64.ActiveCfg = Release|x64
		{8C0F11E6-4AC0-4A16-8024-06E896405344}.Release|x64.Build.0 = Release|x64
		{8C0F11E6-4AC0-4A16-8024-06E896405344}.Release|x86.ActiveCfg = Release|Win32
		{8C0F11E6-4AC0-4A16-8024-06E896405344}.Release|x86.Build.0 = Release|Win32
		{A4BF5DE4-AA9B-4C23-A2F5-70ABAB2549DA}.Debug|x64.ActiveCfg = Debug|x64
		{A4BF5DE4-AA9B-4C23-A2F5-70ABAB2549DA}.Debug|x64.Build.0 = Debug|x64
		{A4BF5DE4-AA9B-4C23-A2F5-70ABAB2549DA}.Debug|x86.ActiveCfg = Debug|Win32
		{A4BF5DE4-AA9B-4C23-A2F5-70ABAB2549DA}.Debug|x86.Build.0 = Debug|Win32
		{A4BF5DE4-AA9B-4C23-A2F5-70ABAB2549DA}.Release|x64.ActiveCfg = Release|x64
		{A4BF5DE4-AA9B-4C23-A2F5-70ABAB2549DA}.Release|x64.Build.0 = Release|x64
		{A4BF5DE4-AA9B-4C23-A2F5-70ABAB2549DA}.Release|x86.ActiveCfg = Release|Win32
		{A4BF5DE4-AA9B-4C23-A2F5-70ABAB2549DA}.Release|x86.Build.0 = Release|Win32
		{41F8A1D5-8846-48A8-8EB7-F19FDD3B7264}.Debug|x64.ActiveCfg = Debug|x64
		{41F8A1D5-8846-48A8-8EB7-F19FDD3B7264}.Debug|x64.Build.0 = Debug|x64
		{41F8A1D5-8846-48A8-8EB7-F19FDD3B7264}.Debug|x86.ActiveCfg = Debug|Win32
		{41F8A1D5-8846-48A8-8EB7-F19FDD3B7264}.Debug|x86.Build.0 = Debug|Win32
		{41F8A1D5-8846-48A8-8EB7-F19FDD3B7264}.Release|x64.ActiveCfg = Release|x64
		{41F8A1D5-8846-48A8-8EB7-F19FDD3B7264}.Release|x64.Build.0 = Release|x64
		{41F8A1D5-8846-48A8-8EB7-F19FDD3B7264}.Release|x86.ActiveCfg = Release|Win32
		{41F8A1D5-8846-48A8-8EB7-F19FDD3B7264}.Release|x86.Build.0 = Release|Win32
		{CBAFF089-B3BF-419E-B1CB-8771845B1607}.Debug|x64.ActiveCfg = Debug|x64
		{CBAFF089-B3BF-419E-B1CB-8771845B1607}.Debug|x64.Build.0 = Debug|x64
		{CBAFF089-B3BF-419E-B1CB-8771845B1607}.Debug|x86.ActiveCfg = Debug|Win32
		{CBAFF089-B3BF-419E-B1CB-8771845B1607}.Debug|x86.Build.0 = Debug|Win32
		{CBAFF089-B3BF-419E-B1CB-8771845B1607}.Release|x64.ActiveCfg = Release|x64
		{CBAFF089-B3BF-419E-B1CB-8771845B1607}.Release|x64.Build.0 = Release|x64
		{CBAFF089-B3BF-419E-B1CB-8771845B1607}.Release|x86.ActiveCfg = Release|Win32
		{CBAFF089-B3BF-419E-B1CB-8771845B1607}.Release|x86.Build.0 = Release|Win32
		{AE2303EC-198B-41F4-8FB3-6D27F0D643BC}.Debug|x64.ActiveCfg = Debug|x64
		{AE2303EC-198B-41F4-8FB3-6D27F0D643BC}.Debug|x64.Build.0 = Debug|x64
		{AE2303EC-198B-41F4-8FB3-6D27F0D643BC}.Debug|x86.ActiveCfg = Debug|Win32
		{AE2303EC-198B-41F4-8FB3-6D27F0D643BC}.Debug|x86.Build.0 = Debug|Win32
		{AE2303EC-198B-41F4-8FB3-6D27F0D643BC}.Release|x64.ActiveCfg = Release|x64
		{AE2303EC-198B-41F4-8FB3-6D27F0D643BC}.Release|x64.Build.0 = Release|x64
		{AE2303EC-198B-41F4-8FB3-6D27F0D643BC}.Release|x86.ActiveCfg = Release|Win32
		{AE2303EC-198B-41F4-8FB3-6D27F0D643BC}.Release|x86.Build.0 = Release|Win32
		{8241C57C-CDD1-4386-81A4-3C82907748BE}.Debug|x64.ActiveCfg = Debug|x64
		{8241C57C-CDD1-4386-81A4-3C82907748BE}.Debug|x64.Build.0 = Debug|x64
		{8241C57C-CDD1-4386-81A4-3C82907748BE}.Debug|x86.ActiveCfg = Debug|Win32
		{8241C57C-CDD1-4386-81A4-3C82907748BE}.Debug|x86.Build.0 = Debug|Win32
		{8241C57C-CDD1-4386-81A4-3C82907748BE}.Release|x64.ActiveCfg = Release|x64
		{8241C57C-CDD1-4386-81A4-3C82907748BE}.Release|x64.Build.0 = Release|x64
		{8241C57C-CDD1-4386-81A4-3C82907748BE}.Release|x86.ActiveCfg = Release|Win32
		{8241C57C-CDD1-4386-81A4-3C82907748BE}.Release|x86.Build.0 = Release|Win32
		{4483E262-0374-4F22-99DA-C27D0CFD0C54}.Debug|x64.ActiveCfg = Debug|x64
		{4483E262-0374-4F22-99DA-C27D0CFD0C54}.Debug|x64.Build.0 = Debug|x64
		{4483E262-0374-4F22-99DA-C27D0CFD0C54}.Debug|x86.ActiveCfg = Debug|Win32
		{4483E262-0374-4F22-99DA-C27D0CFD0C54}.Debug|x86.Build.0 = Debug|Win32
		{4483E262-0374-4F22-99DA-C27D0CFD0C54}.Release|x64.ActiveCfg = Release|x64
		{4483E262-0374-4F22-99DA-C27D0CFD0C54}.Release|x64.Build.0 = Release|x64
		{4483E262-0374-4F22-99DA-C27D0CFD0C54}.Release|x86.ActiveCfg = Release|Win32
		{4483E262-0374-4F22-99DA-C27D0CFD0C54}.Release|x86.Build.0 = Release|Win32
		{68716B57-4029-48B0-B98D-5A098E51A4CB}.Debug|x64.ActiveCfg = Debug|x64
		{68716B57-4029-48B0-B98D-5A098E51A4CB}.Debug|x64.Build.0 = Debug|x64
		{68716B57-4029-48B0-B98D-5A098E51A4CB}.Debug|x86.ActiveCfg = Debug|Win32
		{68716B57-4029-48B0-B98D-5A098E51A4CB}.Debug|x86.Build.0 = Debug|Win32
		{68716B57-4029-48B0-B98D-5A098E51A4CB}.Release|x64.ActiveCfg = Release|x64
		{68716B57-4029-48B0-B98D-5A098E51A4CB}.Release|x64.Build.0 = Release|x64
		{68716B57-4029-48B0-B98D-5A098E51A4CB}.Release|x86.ActiveCfg = Release|Win32
		{68716B57-4029-48B0-B98D-5A098E51A4CB}.Release|x86.Build.0 = Release|Win32
		{8013EE09-0B8E-40D2-99B5-C478A3562188}.Debug|x64.ActiveCfg = Debug|x64
		{8013EE09-0B8E-40D2-99B5-C478A3562188}.Debug|x64.Build.0 = Debug|x64
		{8013EE09-0B8E-40D2-99B5-C478A3562188}.Debug|x86.ActiveCfg = Debug|Win32
		{8013EE09-0B8E-40D2-99B5-C478A3562188}.Debug|x86.Build.0 = Debug|Win32
		{8013EE09-0B8E-40D2-99B5-C478A3562188}.Release|x64.ActiveCfg = Release|x64
		{8013EE09-0B8E-40D2-99B5-C478A3562188}.Release|x64.Build.0 = Release|x64
		{8013EE09-0B8E-40D2-99B5-C478A3562188}.Release|x86.ActiveCfg = Release|Win32
		{8013EE09-0B8E-40D2-99B5-C478A3562188}.Release|x86.Build.0 = Release|Win32
		{1417A360-5084-41F9-81E1-39AB3EC9D9F4}.Debug|x64.ActiveCfg = Debug|x64
		{1417A360-5084-41F9-81E1-39AB3EC9D9F4}.Debug|x64.Build.0 = Debug|x64
		{1417A360-5084-41F9-81E1-39AB3EC9D9F4}.Debug|x86.ActiveCfg = Debug|Win32
		{1417A360-5084-41F9-81E1-39AB3EC9D9F4}.Debug|x86.Build.0 = Debug|Win32
		{1417A360-5084-41F9-81E1-39AB3EC9D9F4}.Release|x64.ActiveCfg = Release|x64
		{1417A360-5084-41F9-81E1-39AB3EC9D9F4}.Release|x64.Build.0 = Release|x64
		{1417A360-5084-41F9-81E1-39AB3EC9D9F4}.Release|x86.ActiveCfg = Release|Win32
		{1417A360-5084-41F9-81E1-39AB3EC9D9F4}.Release|x86.Build.0 = Release|Win32
		{6F4DD1CC-16C9-4A62-9811-9D7C426F756D}.Debug|x64.ActiveCfg = Debug|x64
		{6F4DD1CC-16C9-4A62-9811-9D7C426F756D}.Debug|x64.Build.0 = Debug|x64
		{6F4DD1CC-16C9-4A62-9811-9D7C426F756D}.Debug|x86.ActiveCfg = Debug|Win32
		{6F4DD1CC-16C9-4A62-9811-9D7C426F756D}.Debug|x86.Build.0 = Debug|Win32
		{6F4DD1CC-16C9-4A62-9811-9D7C426F756D}.Release|x64.ActiveCfg = Release|x64
		{6F4DD1CC-16C9-4A62-9811-9D7C426F756D}.Release|x64.Build.0 = Release|x64
		{6F4DD1CC-16C9-4A62-9811-9D7C426F756D}.Release|x86.ActiveCfg = Release|Win32
		{6F4DD1CC-16C9-4A62-9811-9D7C426F756D}.Release|x86.Build.0 = Release|Win32
		{ABE2264B-121F-4A8B-9CB4-DA7927B4D670}.Debug|x64.ActiveCfg = Debug|x64
		{ABE2264B-121F-4A8B-9CB4-DA7927B4D670}.Debug|x64.Build.0 = Debug|x64
		{ABE2264B-121F-4A8B-9CB4-DA7927B4D670}.Debug|x86.ActiveCfg = Debug|Win32
		{ABE2264B-121F-4A8B-9CB4-DA7927B4D670}.Debug|x86.Build.0 = Debug|Win32
		{ABE2264B-121F-4A8B-9CB4-DA7927B4D670}.Release|x64.ActiveCfg = Release|x64
		{ABE2264B-121F-4A8B-9CB4-DA7927B4D670}.Release|x64.Build.0 = Release|x64
		{ABE2264B-121F-4A8B-9CB4-DA7927B4D670}.Release|x86.ActiveCfg = Release|Win32
		{ABE2264B-121F-4A8B-9CB4-DA7927B4D670}.Release|x86.Build.0 = Release|Win32
		{DEFCB0AB-F1EB-45DE-B144-F6ED461F412B}.Debug|x64.ActiveCfg = Debug|x64
		{DEFCB0AB-F1EB-45DE-B144-F6ED461F412B}.Debug|x64.Build.0 = Debug|x64
		{DEFCB0AB-F1EB-45DE-B144-F6ED461F412B}.Debug|x86.ActiveCfg = Debug|Win32
		{DEFCB0AB-F1EB-45DE-B144-F6ED461F412B}.Debug|x86.Build.0 = Debug|Win32
		{DEFCB0AB-F1EB-45DE-B144-F6ED461F412B}.Release|x64.ActiveCfg = Release|x64
		{DEFCB0AB-F1EB-45DE-B144-F6ED461F412B}.Release|x64.Build.0 = Release|x64
		{DEFCB0AB-F1EB-45DE-B144-F6ED461F412B}.Release|x86.ActiveCfg = Release|Win32
		{DEFCB0AB-F1EB-45DE-B144-F6ED461F412B}.Release|x86.Build.0 = Release|Win32
		{9799D279-BBD7-45BB-931D-C203A38C0750}.Debug|x64.ActiveCfg = Debug|x64
		{9799D279-BBD7-45BB-931D-C203A38C0750}.Debug|x64.Build.0 = Debug|x64
		{9799D279-BBD7-45BB-931D-C203A38C0750}.Debug|x86.ActiveCfg = Debug|Win32
		{9799D279-BBD7-45BB-931D-C203A38C0750}.Debug|x86.Build.0 = Debug|Win32
		{9799D279-BBD7-45BB-931D-C203A38C0750}.Release|x64.ActiveCfg = Release|x64
		{9799D279-BBD7-45BB-931D-C203A38C0750}.Release|x64.Build.0 = Release|x64
		{9799D279-BBD7-45BB-931D-C203A38C0750}.Release|x86.ActiveCfg = Release|Win32
		{9799D279-BBD7-45BB-931D-C203A38C0750}.Release|x86.Build.0 = Release|Win32
		{4278E083-FBE9-469F-9571-360B85FB5AC4}.Debug|x64.ActiveCfg = Debug|x64
		{4278E083-FBE9-469F-9571-360B85FB5AC4}.Debug|x64.Build.0 = Debug|x64
		{4278E083-FBE9-469F-9571-360B85FB5AC4}.Debug|x86.ActiveCfg = Debug|Win32
		{4278E083-FBE9-469F-9571-360B85FB5AC4}.Debug|x86.Build.0 = Debug|Win32
		{4278E083-FBE9-469F-9571-360B85FB5AC4}.Release|x64.ActiveCfg = Release|x64
		{4278E083-FBE9-469F-9571-360B85FB5AC4}.Release|x64.Build.0 = Release|x64
		{4278E083-FBE9-469F-9571-360B85FB5AC4}.Release|x86.ActiveCfg = Release|Win32
		{4278E083-FBE9-469F-9571-360B85FB5AC4}.Release|x86.Build.0 = Release|Win32
		{6E16EED9-EDF8-4C55-BE73-AB59FEDDCF77}.Debug|x64.ActiveCfg = Debug|x64
		{6E16EED9-EDF8-4C55-BE73-AB59FEDDCF77}.Debug|x64.Build.0 = Debug|x64
		{6E16EED9-EDF8-4C55-BE73-AB59FEDDCF77}.Debug|x86.ActiveCfg = Debug|Win32
		{6E16EED9-EDF8-4C55-BE73-AB59FEDDCF77}.Debug|x86.Build.0 = Debug|Win32
		{6E16EED9-EDF8-4C55-BE73-AB59FEDDCF77}.Release|x64.ActiveCfg = Release|x64
		{6E16EED9-EDF8-4C55-BE73-AB59FEDDCF77}.Release|x64.Build.0 = Release|x64
		{6E16EED9-EDF8-4C55-BE73-AB59FEDDCF77}.Release|x86.ActiveCfg = Release|Win32
		{6E16EED9-EDF8-4C55-BE73-AB59FEDDCF77}.Release|x86.Build.0 = Release|Win32
	EndGlobalSection
	GlobalSection(SolutionProperties) = preSolution
		HideSolutionNode = FALSE
	EndGlobalSection
	GlobalSection(ExtensibilityGlobals) = postSolution
		SolutionGuid = {32DD1FD3-4D9C-44E9-9731-AD838064DAFB}
	EndGlobalSection
EndGlobal
